
Microsoft Visual Studio Solution File, Format Version 12.00
# Visual Studio Version 17
VisualStudioVersion = 17.6.33829.357
MinimumVisualStudioVersion = 10.0.40219.1
Project("{FAE04EC0-301F-11D3-BF4B-00C04F79EFBC}") = "HelloWorld2", "HelloWorld2\HelloWorld2.csproj", "{294DA81F-F095-4032-B2E7-F456BF66F893}"
EndProject
Global
	GlobalSection(SolutionConfigurationPlatforms) = preSolution
		Debug|Any CPU = Debug|Any CPU
		Release|Any CPU = Release|Any CPU
	EndGlobalSection
	GlobalSection(ProjectConfigurationPlatforms) = postSolution
		{294DA81F-F095-4032-B2E7-F456BF66F893}.Debug|Any CPU.ActiveCfg = Debug|Any CPU
		{294DA81F-F095-4032-B2E7-F456BF66F893}.Debug|Any CPU.Build.0 = Debug|Any CPU
		{294DA81F-F095-4032-B2E7-F456BF66F893}.Release|Any CPU.ActiveCfg = Release|Any CPU
		{294DA81F-F095-4032-B2E7-F456BF66F893}.Release|Any CPU.Build.0 = Release|Any CPU
	EndGlobalSection
	GlobalSection(SolutionProperties) = preSolution
		HideSolutionNode = FALSE
	EndGlobalSection
	GlobalSection(ExtensibilityGlobals) = postSolution
		SolutionGuid = {433706D5-9AC5-4B8F-8A3C-3F36E366DAF6}
	EndGlobalSection
EndGlobal
